
Microsoft Visual Studio Solution File, Format Version 12.00
# Visual Studio Version 16
VisualStudioVersion = 16.0.29215.179
MinimumVisualStudioVersion = 10.0.40219.1
Project("{FAE04EC0-301F-11D3-BF4B-00C04F79EFBC}") = "FontAndColor2", "FontAndColor2\FontAndColor2.csproj", "{A0CEA115-E449-4007-901C-A9A8AB249571}"
EndProject
Global
	GlobalSection(SolutionConfigurationPlatforms) = preSolution
		Debug|Any CPU = Debug|Any CPU
		Release|Any CPU = Release|Any CPU
	EndGlobalSection
	GlobalSection(ProjectConfigurationPlatforms) = postSolution
		{A0CEA115-E449-4007-901C-A9A8AB249571}.Debug|Any CPU.ActiveCfg = Debug|Any CPU
		{A0CEA115-E449-4007-901C-A9A8AB249571}.Debug|Any CPU.Build.0 = Debug|Any CPU
		{A0CEA115-E449-4007-901C-A9A8AB249571}.Release|Any CPU.ActiveCfg = Release|Any CPU
		{A0CEA115-E449-4007-901C-A9A8AB249571}.Release|Any CPU.Build.0 = Release|Any CPU
	EndGlobalSection
	GlobalSection(SolutionProperties) = preSolution
		HideSolutionNode = FALSE
	EndGlobalSection
	GlobalSection(ExtensibilityGlobals) = postSolution
		SolutionGuid = {7139ABBA-341F-40D7-8F04-0C8436213DAD}
	EndGlobalSection
EndGlobal
